
Microsoft Visual Studio Solution File, Format Version 12.00
# Visual Studio Version 17
VisualStudioVersion = 17.14.36327.8
MinimumVisualStudioVersion = 10.0.40219.1
Project("{FAE04EC0-301F-11D3-BF4B-00C04F79EFBC}") = "MangaManagementSystem.DataAccess", "MangaManagementSystem.DataAccess\MangaManagementSystem.DataAccess.csproj", "{7D190B19-69CF-4E51-977B-F9AFF3112857}"
EndProject
Project("{FAE04EC0-301F-11D3-BF4B-00C04F79EFBC}") = "MangaManagementSystem.Business", "MangaManagementSystem.Business\MangaManagementSystem.Business.csproj", "{B9AA8D55-D223-4B5A-B202-661E2961260F}"
EndProject
Project("{FAE04EC0-301F-11D3-BF4B-00C04F79EFBC}") = "MangaManagementSystem.WebApi", "MangaManagementSystem.WebApi\MangaManagementSystem.WebApi.csproj", "{B3EB087F-EB9F-ACF3-918C-1D38C6E67440}"
EndProject
Global
	GlobalSection(SolutionConfigurationPlatforms) = preSolution
		Debug|Any CPU = Debug|Any CPU
		Release|Any CPU = Release|Any CPU
	EndGlobalSection
	GlobalSection(ProjectConfigurationPlatforms) = postSolution
		{7D190B19-69CF-4E51-977B-F9AFF3112857}.Debug|Any CPU.ActiveCfg = Debug|Any CPU
		{7D190B19-69CF-4E51-977B-F9AFF3112857}.Debug|Any CPU.Build.0 = Debug|Any CPU
		{7D190B19-69CF-4E51-977B-F9AFF3112857}.Release|Any CPU.ActiveCfg = Release|Any CPU
		{7D190B19-69CF-4E51-977B-F9AFF3112857}.Release|Any CPU.Build.0 = Release|Any CPU
		{B9AA8D55-D223-4B5A-B202-661E2961260F}.Debug|Any CPU.ActiveCfg = Debug|Any CPU
		{B9AA8D55-D223-4B5A-B202-661E2961260F}.Debug|Any CPU.Build.0 = Debug|Any CPU
		{B9AA8D55-D223-4B5A-B202-661E2961260F}.Release|Any CPU.ActiveCfg = Release|Any CPU
		{B9AA8D55-D223-4B5A-B202-661E2961260F}.Release|Any CPU.Build.0 = Release|Any CPU
		{B3EB087F-EB9F-ACF3-918C-1D38C6E67440}.Debug|Any CPU.ActiveCfg = Debug|Any CPU
		{B3EB087F-EB9F-ACF3-918C-1D38C6E67440}.Debug|Any CPU.Build.0 = Debug|Any CPU
		{B3EB087F-EB9F-ACF3-918C-1D38C6E67440}.Release|Any CPU.ActiveCfg = Release|Any CPU
		{B3EB087F-EB9F-ACF3-918C-1D38C6E67440}.Release|Any CPU.Build.0 = Release|Any CPU
	EndGlobalSection
	GlobalSection(SolutionProperties) = preSolution
		HideSolutionNode = FALSE
	EndGlobalSection
	GlobalSection(ExtensibilityGlobals) = postSolution
		SolutionGuid = {0CBC410A-6AF6-4019-A03A-894184586F0F}
	EndGlobalSection
EndGlobal
